
Microsoft Visual Studio Solution File, Format Version 12.00
# Visual Studio 15
VisualStudioVersion = 15.0.28010.2003
MinimumVisualStudioVersion = 10.0.40219.1
Project("{9A19103F-16F7-4668-BE54-9A1E7A4F7556}") = "MercadoPagoSDK", "px-dotnet\MercadoPagoSDK.csproj", "{DDF43089-BD23-4C5C-898D-A779118B563E}"
EndProject
Project("{9A19103F-16F7-4668-BE54-9A1E7A4F7556}") = "MercadoPagoSDK.Samples", "MercadoPagoSDK.Samples\MercadoPagoSDK.Samples.csproj", "{01FB62DE-E5FA-4909-8822-A877D154C53B}"
EndProject
Project("{FAE04EC0-301F-11D3-BF4B-00C04F79EFBC}") = "MercadoPagoSDK.Test", "MercadoPagoSDK.Test\MercadoPagoSDK.Test.csproj", "{345E1E14-80E3-4221-B488-DAAAB16EF579}"
EndProject
Global
	GlobalSection(SolutionConfigurationPlatforms) = preSolution
		Debug|Any CPU = Debug|Any CPU
		Release|Any CPU = Release|Any CPU
	EndGlobalSection
	GlobalSection(ProjectConfigurationPlatforms) = postSolution
		{DDF43089-BD23-4C5C-898D-A779118B563E}.Debug|Any CPU.ActiveCfg = Debug|Any CPU
		{DDF43089-BD23-4C5C-898D-A779118B563E}.Debug|Any CPU.Build.0 = Debug|Any CPU
		{DDF43089-BD23-4C5C-898D-A779118B563E}.Release|Any CPU.ActiveCfg = Release|Any CPU
		{DDF43089-BD23-4C5C-898D-A779118B563E}.Release|Any CPU.Build.0 = Release|Any CPU
		{01FB62DE-E5FA-4909-8822-A877D154C53B}.Debug|Any CPU.ActiveCfg = Debug|Any CPU
		{01FB62DE-E5FA-4909-8822-A877D154C53B}.Debug|Any CPU.Build.0 = Debug|Any CPU
		{01FB62DE-E5FA-4909-8822-A877D154C53B}.Release|Any CPU.ActiveCfg = Release|Any CPU
		{01FB62DE-E5FA-4909-8822-A877D154C53B}.Release|Any CPU.Build.0 = Release|Any CPU
		{345E1E14-80E3-4221-B488-DAAAB16EF579}.Debug|Any CPU.ActiveCfg = Debug|Any CPU
		{345E1E14-80E3-4221-B488-DAAAB16EF579}.Debug|Any CPU.Build.0 = Debug|Any CPU
		{345E1E14-80E3-4221-B488-DAAAB16EF579}.Release|Any CPU.ActiveCfg = Release|Any CPU
		{345E1E14-80E3-4221-B488-DAAAB16EF579}.Release|Any CPU.Build.0 = Release|Any CPU
	EndGlobalSection
	GlobalSection(SolutionProperties) = preSolution
		HideSolutionNode = FALSE
	EndGlobalSection
	GlobalSection(ExtensibilityGlobals) = postSolution
		SolutionGuid = {E389F83D-0A72-4373-A343-A8CCEBC44514}
	EndGlobalSection
EndGlobal
